// !$*UTF8*$!
{
	archiveVersion = 1;
	classes = {
	};
	objectVersion = 56;
	objects = {

/* Begin PBXBuildFile section */
		881DF80A2A7018BA00A537A5 /* AppEntry.swift in Sources */ = {isa = PBXBuildFile; fileRef = 881DF8092A7018BA00A537A5 /* AppEntry.swift */; };
		881DF80E2A7018BA00A537A5 /* Assets.xcassets in Resources */ = {isa = PBXBuildFile; fileRef = 881DF80D2A7018BA00A537A5 /* Assets.xcassets */; };
		881DF8112A7018BA00A537A5 /* Preview Assets.xcassets in Resources */ = {isa = PBXBuildFile; fileRef = 881DF8102A7018BA00A537A5 /* Preview Assets.xcassets */; };
		881DF81B2A7022A800A537A5 /* TabBarView.swift in Sources */ = {isa = PBXBuildFile; fileRef = 881DF80B2A7018BA00A537A5 /* TabBarView.swift */; };
		881F2E4A2A71A69C009901E0 /* CharactersListRowView.swift in Sources */ = {isa = PBXBuildFile; fileRef = 881F2E492A71A69C009901E0 /* CharactersListRowView.swift */; };
		881F2E502A71B356009901E0 /* AsyncImageStyling.swift in Sources */ = {isa = PBXBuildFile; fileRef = 881F2E4F2A71B356009901E0 /* AsyncImageStyling.swift */; };
		886E0C102A718FEB000847F9 /* Characater.swift in Sources */ = {isa = PBXBuildFile; fileRef = 886E0C0F2A718FEB000847F9 /* Characater.swift */; };
		886E0C122A719037000847F9 /* CharacterLocation.swift in Sources */ = {isa = PBXBuildFile; fileRef = 886E0C112A719037000847F9 /* CharacterLocation.swift */; };
		886E0C142A71915F000847F9 /* CharacterGender.swift in Sources */ = {isa = PBXBuildFile; fileRef = 886E0C132A71915F000847F9 /* CharacterGender.swift */; };
		886E0C162A719203000847F9 /* CharacterStatus.swift in Sources */ = {isa = PBXBuildFile; fileRef = 886E0C152A719203000847F9 /* CharacterStatus.swift */; };
		889645EC2A7194F500771130 /* AllCharactersInfo.swift in Sources */ = {isa = PBXBuildFile; fileRef = 889645EB2A7194F500771130 /* AllCharactersInfo.swift */; };
		889645F62A719E3700771130 /* Mulish-Regular.ttf in Resources */ = {isa = PBXBuildFile; fileRef = 889645F12A719E3700771130 /* Mulish-Regular.ttf */; };
		889645F72A719E3700771130 /* Mulish-Light.ttf in Resources */ = {isa = PBXBuildFile; fileRef = 889645F22A719E3700771130 /* Mulish-Light.ttf */; };
		889645F82A719E3700771130 /* Mulish-SemiBold.ttf in Resources */ = {isa = PBXBuildFile; fileRef = 889645F32A719E3700771130 /* Mulish-SemiBold.ttf */; };
		889645F92A719E3700771130 /* Mulish-Black.ttf in Resources */ = {isa = PBXBuildFile; fileRef = 889645F42A719E3700771130 /* Mulish-Black.ttf */; };
		889645FA2A719E3700771130 /* Mulish-Bold.ttf in Resources */ = {isa = PBXBuildFile; fileRef = 889645F52A719E3700771130 /* Mulish-Bold.ttf */; };
		889645FD2A719EE200771130 /* Font+Mulish.swift in Sources */ = {isa = PBXBuildFile; fileRef = 889645FC2A719EE200771130 /* Font+Mulish.swift */; };
		889646002A71A09A00771130 /* SFSymbols.swift in Sources */ = {isa = PBXBuildFile; fileRef = 889645FF2A71A09A00771130 /* SFSymbols.swift */; };
		889646022A71A2AF00771130 /* Colors+Ext.swift in Sources */ = {isa = PBXBuildFile; fileRef = 889646012A71A2AF00771130 /* Colors+Ext.swift */; };
		88B87D972A70232D00EF9A6E /* CharactersListView.swift in Sources */ = {isa = PBXBuildFile; fileRef = 88B87D962A70232D00EF9A6E /* CharactersListView.swift */; };
		88B87D9B2A70239E00EF9A6E /* FavoritesListView.swift in Sources */ = {isa = PBXBuildFile; fileRef = 88B87D9A2A70239E00EF9A6E /* FavoritesListView.swift */; };
		88B87D9F2A7024B300EF9A6E /* APICharacter.swift in Sources */ = {isa = PBXBuildFile; fileRef = 88B87D9E2A7024B300EF9A6E /* APICharacter.swift */; };
		88B87DA12A7025DB00EF9A6E /* APILocation.swift in Sources */ = {isa = PBXBuildFile; fileRef = 88B87DA02A7025DB00EF9A6E /* APILocation.swift */; };
		88B87DA32A70261B00EF9A6E /* APIAllCharactersResponse.swift in Sources */ = {isa = PBXBuildFile; fileRef = 88B87DA22A70261B00EF9A6E /* APIAllCharactersResponse.swift */; };
		88B87DA52A70268900EF9A6E /* APIAllCharactersInfo.swift in Sources */ = {isa = PBXBuildFile; fileRef = 88B87DA42A70268900EF9A6E /* APIAllCharactersInfo.swift */; };
		88B87DA82A70278300EF9A6E /* HTTPClient.swift in Sources */ = {isa = PBXBuildFile; fileRef = 88B87DA72A70278300EF9A6E /* HTTPClient.swift */; };
		88B87DAA2A7028B600EF9A6E /* APIError.swift in Sources */ = {isa = PBXBuildFile; fileRef = 88B87DA92A7028B600EF9A6E /* APIError.swift */; };
		88B87DAE2A7029FA00EF9A6E /* APIEndpoint.swift in Sources */ = {isa = PBXBuildFile; fileRef = 88B87DAD2A7029FA00EF9A6E /* APIEndpoint.swift */; };
		88B87DB02A702A3600EF9A6E /* HTTPMethod.swift in Sources */ = {isa = PBXBuildFile; fileRef = 88B87DAF2A702A3600EF9A6E /* HTTPMethod.swift */; };
		88B87DB22A702A5B00EF9A6E /* HTTPScheme.swift in Sources */ = {isa = PBXBuildFile; fileRef = 88B87DB12A702A5B00EF9A6E /* HTTPScheme.swift */; };
		88B87DB52A702A8A00EF9A6E /* CharactersEndpoint.swift in Sources */ = {isa = PBXBuildFile; fileRef = 88B87DB42A702A8A00EF9A6E /* CharactersEndpoint.swift */; };
		88B87DB82A702D5E00EF9A6E /* APIRequestMapper.swift in Sources */ = {isa = PBXBuildFile; fileRef = 88B87DB72A702D5E00EF9A6E /* APIRequestMapper.swift */; };
		88B87DBC2A702F1000EF9A6E /* CharactersWebService.swift in Sources */ = {isa = PBXBuildFile; fileRef = 88B87DBB2A702F1000EF9A6E /* CharactersWebService.swift */; };
		88B87DBE2A70346400EF9A6E /* WebService.swift in Sources */ = {isa = PBXBuildFile; fileRef = 88B87DBD2A70346400EF9A6E /* WebService.swift */; };
		88B87DC12A70359700EF9A6E /* CharactersViewModel.swift in Sources */ = {isa = PBXBuildFile; fileRef = 88B87DC02A70359700EF9A6E /* CharactersViewModel.swift */; };
		88C999582A72952300D5A161 /* CacheAsyncImage.swift in Sources */ = {isa = PBXBuildFile; fileRef = 88C999572A72952300D5A161 /* CacheAsyncImage.swift */; };
		88C9995A2A72A57A00D5A161 /* CharactersDetailView.swift in Sources */ = {isa = PBXBuildFile; fileRef = 88C999592A72A57A00D5A161 /* CharactersDetailView.swift */; };
		88C9995D2A72A61C00D5A161 /* Router.swift in Sources */ = {isa = PBXBuildFile; fileRef = 88C9995C2A72A61C00D5A161 /* Router.swift */; };
/* End PBXBuildFile section */

/* Begin PBXFileReference section */
		881DF8062A7018BA00A537A5 /* RickAndMorty.app */ = {isa = PBXFileReference; explicitFileType = wrapper.application; includeInIndex = 0; path = RickAndMorty.app; sourceTree = BUILT_PRODUCTS_DIR; };
		881DF8092A7018BA00A537A5 /* AppEntry.swift */ = {isa = PBXFileReference; lastKnownFileType = sourcecode.swift; path = AppEntry.swift; sourceTree = "<group>"; };
		881DF80B2A7018BA00A537A5 /* TabBarView.swift */ = {isa = PBXFileReference; lastKnownFileType = sourcecode.swift; path = TabBarView.swift; sourceTree = "<group>"; };
		881DF80D2A7018BA00A537A5 /* Assets.xcassets */ = {isa = PBXFileReference; lastKnownFileType = folder.assetcatalog; path = Assets.xcassets; sourceTree = "<group>"; };
		881DF8102A7018BA00A537A5 /* Preview Assets.xcassets */ = {isa = PBXFileReference; lastKnownFileType = folder.assetcatalog; path = "Preview Assets.xcassets"; sourceTree = "<group>"; };
		881F2E492A71A69C009901E0 /* CharactersListRowView.swift */ = {isa = PBXFileReference; lastKnownFileType = sourcecode.swift; path = CharactersListRowView.swift; sourceTree = "<group>"; };
		881F2E4F2A71B356009901E0 /* AsyncImageStyling.swift */ = {isa = PBXFileReference; lastKnownFileType = sourcecode.swift; path = AsyncImageStyling.swift; sourceTree = "<group>"; };
		886E0C0F2A718FEB000847F9 /* Characater.swift */ = {isa = PBXFileReference; lastKnownFileType = sourcecode.swift; path = Characater.swift; sourceTree = "<group>"; };
		886E0C112A719037000847F9 /* CharacterLocation.swift */ = {isa = PBXFileReference; lastKnownFileType = sourcecode.swift; path = CharacterLocation.swift; sourceTree = "<group>"; };
		886E0C132A71915F000847F9 /* CharacterGender.swift */ = {isa = PBXFileReference; lastKnownFileType = sourcecode.swift; path = CharacterGender.swift; sourceTree = "<group>"; };
		886E0C152A719203000847F9 /* CharacterStatus.swift */ = {isa = PBXFileReference; lastKnownFileType = sourcecode.swift; path = CharacterStatus.swift; sourceTree = "<group>"; };
		889645EB2A7194F500771130 /* AllCharactersInfo.swift */ = {isa = PBXFileReference; lastKnownFileType = sourcecode.swift; path = AllCharactersInfo.swift; sourceTree = "<group>"; };
		889645F12A719E3700771130 /* Mulish-Regular.ttf */ = {isa = PBXFileReference; lastKnownFileType = file; name = "Mulish-Regular.ttf"; path = "../../../../../../../../../Volumes/KINGSTON/Rekrutacja AutoPay/smaker-3.0-kopia/Smaker/Fonts/Mulish-Regular.ttf"; sourceTree = "<group>"; };
		889645F22A719E3700771130 /* Mulish-Light.ttf */ = {isa = PBXFileReference; lastKnownFileType = file; name = "Mulish-Light.ttf"; path = "../../../../../../../../../Volumes/KINGSTON/Rekrutacja AutoPay/smaker-3.0-kopia/Smaker/Fonts/Mulish-Light.ttf"; sourceTree = "<group>"; };
		889645F32A719E3700771130 /* Mulish-SemiBold.ttf */ = {isa = PBXFileReference; lastKnownFileType = file; name = "Mulish-SemiBold.ttf"; path = "../../../../../../../../../Volumes/KINGSTON/Rekrutacja AutoPay/smaker-3.0-kopia/Smaker/Fonts/Mulish-SemiBold.ttf"; sourceTree = "<group>"; };
		889645F42A719E3700771130 /* Mulish-Black.ttf */ = {isa = PBXFileReference; lastKnownFileType = file; name = "Mulish-Black.ttf"; path = "../../../../../../../../../Volumes/KINGSTON/Rekrutacja AutoPay/smaker-3.0-kopia/Smaker/Fonts/Mulish-Black.ttf"; sourceTree = "<group>"; };
		889645F52A719E3700771130 /* Mulish-Bold.ttf */ = {isa = PBXFileReference; lastKnownFileType = file; name = "Mulish-Bold.ttf"; path = "../../../../../../../../../Volumes/KINGSTON/Rekrutacja AutoPay/smaker-3.0-kopia/Smaker/Fonts/Mulish-Bold.ttf"; sourceTree = "<group>"; };
		889645FB2A719E7800771130 /* Info.plist */ = {isa = PBXFileReference; lastKnownFileType = text.plist; path = Info.plist; sourceTree = "<group>"; };
		889645FC2A719EE200771130 /* Font+Mulish.swift */ = {isa = PBXFileReference; lastKnownFileType = sourcecode.swift; path = "Font+Mulish.swift"; sourceTree = "<group>"; };
		889645FF2A71A09A00771130 /* SFSymbols.swift */ = {isa = PBXFileReference; lastKnownFileType = sourcecode.swift; path = SFSymbols.swift; sourceTree = "<group>"; };
		889646012A71A2AF00771130 /* Colors+Ext.swift */ = {isa = PBXFileReference; lastKnownFileType = sourcecode.swift; path = "Colors+Ext.swift"; sourceTree = "<group>"; };
		88B87D962A70232D00EF9A6E /* CharactersListView.swift */ = {isa = PBXFileReference; lastKnownFileType = sourcecode.swift; path = CharactersListView.swift; sourceTree = "<group>"; };
		88B87D9A2A70239E00EF9A6E /* FavoritesListView.swift */ = {isa = PBXFileReference; lastKnownFileType = sourcecode.swift; path = FavoritesListView.swift; sourceTree = "<group>"; };
		88B87D9E2A7024B300EF9A6E /* APICharacter.swift */ = {isa = PBXFileReference; lastKnownFileType = sourcecode.swift; path = APICharacter.swift; sourceTree = "<group>"; };
		88B87DA02A7025DB00EF9A6E /* APILocation.swift */ = {isa = PBXFileReference; lastKnownFileType = sourcecode.swift; path = APILocation.swift; sourceTree = "<group>"; };
		88B87DA22A70261B00EF9A6E /* APIAllCharactersResponse.swift */ = {isa = PBXFileReference; lastKnownFileType = sourcecode.swift; path = APIAllCharactersResponse.swift; sourceTree = "<group>"; };
		88B87DA42A70268900EF9A6E /* APIAllCharactersInfo.swift */ = {isa = PBXFileReference; lastKnownFileType = sourcecode.swift; path = APIAllCharactersInfo.swift; sourceTree = "<group>"; };
		88B87DA72A70278300EF9A6E /* HTTPClient.swift */ = {isa = PBXFileReference; lastKnownFileType = sourcecode.swift; path = HTTPClient.swift; sourceTree = "<group>"; };
		88B87DA92A7028B600EF9A6E /* APIError.swift */ = {isa = PBXFileReference; lastKnownFileType = sourcecode.swift; path = APIError.swift; sourceTree = "<group>"; };
		88B87DAD2A7029FA00EF9A6E /* APIEndpoint.swift */ = {isa = PBXFileReference; lastKnownFileType = sourcecode.swift; path = APIEndpoint.swift; sourceTree = "<group>"; };
		88B87DAF2A702A3600EF9A6E /* HTTPMethod.swift */ = {isa = PBXFileReference; lastKnownFileType = sourcecode.swift; path = HTTPMethod.swift; sourceTree = "<group>"; };
		88B87DB12A702A5B00EF9A6E /* HTTPScheme.swift */ = {isa = PBXFileReference; lastKnownFileType = sourcecode.swift; path = HTTPScheme.swift; sourceTree = "<group>"; };
		88B87DB42A702A8A00EF9A6E /* CharactersEndpoint.swift */ = {isa = PBXFileReference; lastKnownFileType = sourcecode.swift; path = CharactersEndpoint.swift; sourceTree = "<group>"; };
		88B87DB72A702D5E00EF9A6E /* APIRequestMapper.swift */ = {isa = PBXFileReference; lastKnownFileType = sourcecode.swift; path = APIRequestMapper.swift; sourceTree = "<group>"; };
		88B87DBB2A702F1000EF9A6E /* CharactersWebService.swift */ = {isa = PBXFileReference; lastKnownFileType = sourcecode.swift; path = CharactersWebService.swift; sourceTree = "<group>"; };
		88B87DBD2A70346400EF9A6E /* WebService.swift */ = {isa = PBXFileReference; lastKnownFileType = sourcecode.swift; path = WebService.swift; sourceTree = "<group>"; };
		88B87DC02A70359700EF9A6E /* CharactersViewModel.swift */ = {isa = PBXFileReference; lastKnownFileType = sourcecode.swift; path = CharactersViewModel.swift; sourceTree = "<group>"; };
		88C999572A72952300D5A161 /* CacheAsyncImage.swift */ = {isa = PBXFileReference; lastKnownFileType = sourcecode.swift; path = CacheAsyncImage.swift; sourceTree = "<group>"; };
		88C999592A72A57A00D5A161 /* CharactersDetailView.swift */ = {isa = PBXFileReference; lastKnownFileType = sourcecode.swift; path = CharactersDetailView.swift; sourceTree = "<group>"; };
		88C9995C2A72A61C00D5A161 /* Router.swift */ = {isa = PBXFileReference; lastKnownFileType = sourcecode.swift; path = Router.swift; sourceTree = "<group>"; };
/* End PBXFileReference section */

/* Begin PBXFrameworksBuildPhase section */
		881DF8032A7018BA00A537A5 /* Frameworks */ = {
			isa = PBXFrameworksBuildPhase;
			buildActionMask = 2147483647;
			files = (
			);
			runOnlyForDeploymentPostprocessing = 0;
		};
/* End PBXFrameworksBuildPhase section */

/* Begin PBXGroup section */
		881DF7FD2A7018BA00A537A5 = {
			isa = PBXGroup;
			children = (
				881DF8082A7018BA00A537A5 /* RickAndMorty */,
				881DF8072A7018BA00A537A5 /* Products */,
			);
			sourceTree = "<group>";
		};
		881DF8072A7018BA00A537A5 /* Products */ = {
			isa = PBXGroup;
			children = (
				881DF8062A7018BA00A537A5 /* RickAndMorty.app */,
			);
			name = Products;
			sourceTree = "<group>";
		};
		881DF8082A7018BA00A537A5 /* RickAndMorty */ = {
			isa = PBXGroup;
			children = (
				889645FB2A719E7800771130 /* Info.plist */,
				881DF8092A7018BA00A537A5 /* AppEntry.swift */,
				88B87D9C2A70248C00EF9A6E /* Network */,
				881DF8182A70226B00A537A5 /* Core */,
				889645EF2A719DAD00771130 /* DesignSystem */,
				881DF80D2A7018BA00A537A5 /* Assets.xcassets */,
				881DF80F2A7018BA00A537A5 /* Preview Content */,
			);
			path = RickAndMorty;
			sourceTree = "<group>";
		};
		881DF80F2A7018BA00A537A5 /* Preview Content */ = {
			isa = PBXGroup;
			children = (
				881DF8102A7018BA00A537A5 /* Preview Assets.xcassets */,
			);
			path = "Preview Content";
			sourceTree = "<group>";
		};
		881DF8182A70226B00A537A5 /* Core */ = {
			isa = PBXGroup;
			children = (
				881F2E4B2A71B2CC009901E0 /* ReusableViews */,
				881DF8192A70227200A537A5 /* Controls */,
				88B87D942A70230B00EF9A6E /* Characters */,
				88B87D982A70238600EF9A6E /* Favorites */,
			);
			path = Core;
			sourceTree = "<group>";
		};
		881DF8192A70227200A537A5 /* Controls */ = {
			isa = PBXGroup;
			children = (
				881DF81A2A70228300A537A5 /* Views */,
				88C9995B2A72A60A00D5A161 /* ViewModels */,
			);
			path = Controls;
			sourceTree = "<group>";
		};
		881DF81A2A70228300A537A5 /* Views */ = {
			isa = PBXGroup;
			children = (
				881DF80B2A7018BA00A537A5 /* TabBarView.swift */,
			);
			path = Views;
			sourceTree = "<group>";
		};
		881F2E4B2A71B2CC009901E0 /* ReusableViews */ = {
			isa = PBXGroup;
			children = (
				88C999572A72952300D5A161 /* CacheAsyncImage.swift */,
			);
			path = ReusableViews;
			sourceTree = "<group>";
		};
		881F2E4E2A71B342009901E0 /* Modifiers */ = {
			isa = PBXGroup;
			children = (
				881F2E4F2A71B356009901E0 /* AsyncImageStyling.swift */,
			);
			path = Modifiers;
			sourceTree = "<group>";
		};
		886E0C0D2A718FD7000847F9 /* Models */ = {
			isa = PBXGroup;
			children = (
				886E0C0E2A718FE1000847F9 /* Characters */,
			);
			path = Models;
			sourceTree = "<group>";
		};
		886E0C0E2A718FE1000847F9 /* Characters */ = {
			isa = PBXGroup;
			children = (
				886E0C0F2A718FEB000847F9 /* Characater.swift */,
				886E0C112A719037000847F9 /* CharacterLocation.swift */,
				886E0C132A71915F000847F9 /* CharacterGender.swift */,
				886E0C152A719203000847F9 /* CharacterStatus.swift */,
				889645EB2A7194F500771130 /* AllCharactersInfo.swift */,
			);
			path = Characters;
			sourceTree = "<group>";
		};
		889645EF2A719DAD00771130 /* DesignSystem */ = {
			isa = PBXGroup;
			children = (
				881F2E4E2A71B342009901E0 /* Modifiers */,
				889645F02A719DBD00771130 /* Fonts */,
				889645FF2A71A09A00771130 /* SFSymbols.swift */,
				889646012A71A2AF00771130 /* Colors+Ext.swift */,
			);
			path = DesignSystem;
			sourceTree = "<group>";
		};
		889645F02A719DBD00771130 /* Fonts */ = {
			isa = PBXGroup;
			children = (
				889645FC2A719EE200771130 /* Font+Mulish.swift */,
				889645F42A719E3700771130 /* Mulish-Black.ttf */,
				889645F52A719E3700771130 /* Mulish-Bold.ttf */,
				889645F22A719E3700771130 /* Mulish-Light.ttf */,
				889645F12A719E3700771130 /* Mulish-Regular.ttf */,
				889645F32A719E3700771130 /* Mulish-SemiBold.ttf */,
			);
			path = Fonts;
			sourceTree = "<group>";
		};
		88B87D942A70230B00EF9A6E /* Characters */ = {
			isa = PBXGroup;
			children = (
				88B87D952A70232100EF9A6E /* Views */,
				88B87DBF2A70358D00EF9A6E /* ViewModels */,
			);
			path = Characters;
			sourceTree = "<group>";
		};
		88B87D952A70232100EF9A6E /* Views */ = {
			isa = PBXGroup;
			children = (
				88B87D962A70232D00EF9A6E /* CharactersListView.swift */,
				881F2E492A71A69C009901E0 /* CharactersListRowView.swift */,
				88C999592A72A57A00D5A161 /* CharactersDetailView.swift */,
			);
			path = Views;
			sourceTree = "<group>";
		};
		88B87D982A70238600EF9A6E /* Favorites */ = {
			isa = PBXGroup;
			children = (
				88B87D992A70239500EF9A6E /* Views */,
			);
			path = Favorites;
			sourceTree = "<group>";
		};
		88B87D992A70239500EF9A6E /* Views */ = {
			isa = PBXGroup;
			children = (
				88B87D9A2A70239E00EF9A6E /* FavoritesListView.swift */,
			);
			path = Views;
			sourceTree = "<group>";
		};
		88B87D9C2A70248C00EF9A6E /* Network */ = {
			isa = PBXGroup;
			children = (
				88B87DAC2A7029DD00EF9A6E /* NetworkingTools */,
				88B87DB32A702A8100EF9A6E /* Endpoints */,
				88B87DB62A702D4200EF9A6E /* Services */,
				88B87D9D2A70249400EF9A6E /* APIModels */,
				886E0C0D2A718FD7000847F9 /* Models */,
			);
			path = Network;
			sourceTree = "<group>";
		};
		88B87D9D2A70249400EF9A6E /* APIModels */ = {
			isa = PBXGroup;
			children = (
				88B87DA62A7026CE00EF9A6E /* Characters */,
			);
			path = APIModels;
			sourceTree = "<group>";
		};
		88B87DA62A7026CE00EF9A6E /* Characters */ = {
			isa = PBXGroup;
			children = (
				88B87DA22A70261B00EF9A6E /* APIAllCharactersResponse.swift */,
				88B87DA42A70268900EF9A6E /* APIAllCharactersInfo.swift */,
				88B87D9E2A7024B300EF9A6E /* APICharacter.swift */,
				88B87DA02A7025DB00EF9A6E /* APILocation.swift */,
			);
			path = Characters;
			sourceTree = "<group>";
		};
		88B87DAC2A7029DD00EF9A6E /* NetworkingTools */ = {
			isa = PBXGroup;
			children = (
				88B87DA72A70278300EF9A6E /* HTTPClient.swift */,
				88B87DA92A7028B600EF9A6E /* APIError.swift */,
				88B87DAD2A7029FA00EF9A6E /* APIEndpoint.swift */,
				88B87DAF2A702A3600EF9A6E /* HTTPMethod.swift */,
				88B87DB12A702A5B00EF9A6E /* HTTPScheme.swift */,
				88B87DB72A702D5E00EF9A6E /* APIRequestMapper.swift */,
			);
			path = NetworkingTools;
			sourceTree = "<group>";
		};
		88B87DB32A702A8100EF9A6E /* Endpoints */ = {
			isa = PBXGroup;
			children = (
				88B87DB42A702A8A00EF9A6E /* CharactersEndpoint.swift */,
			);
			path = Endpoints;
			sourceTree = "<group>";
		};
		88B87DB62A702D4200EF9A6E /* Services */ = {
			isa = PBXGroup;
			children = (
				88B87DBD2A70346400EF9A6E /* WebService.swift */,
				88B87DBB2A702F1000EF9A6E /* CharactersWebService.swift */,
			);
			path = Services;
			sourceTree = "<group>";
		};
		88B87DBF2A70358D00EF9A6E /* ViewModels */ = {
			isa = PBXGroup;
			children = (
				88B87DC02A70359700EF9A6E /* CharactersViewModel.swift */,
			);
			path = ViewModels;
			sourceTree = "<group>";
		};
		88C9995B2A72A60A00D5A161 /* ViewModels */ = {
			isa = PBXGroup;
			children = (
				88C9995C2A72A61C00D5A161 /* Router.swift */,
			);
			path = ViewModels;
			sourceTree = "<group>";
		};
/* End PBXGroup section */

/* Begin PBXNativeTarget section */
		881DF8052A7018BA00A537A5 /* RickAndMorty */ = {
			isa = PBXNativeTarget;
			buildConfigurationList = 881DF8142A7018BA00A537A5 /* Build configuration list for PBXNativeTarget "RickAndMorty" */;
			buildPhases = (
				881DF8022A7018BA00A537A5 /* Sources */,
				881DF8032A7018BA00A537A5 /* Frameworks */,
				881DF8042A7018BA00A537A5 /* Resources */,
				881DF8172A701F6A00A537A5 /* ShellScript */,
			);
			buildRules = (
			);
			dependencies = (
			);
			name = RickAndMorty;
			productName = RickAndMorty;
			productReference = 881DF8062A7018BA00A537A5 /* RickAndMorty.app */;
			productType = "com.apple.product-type.application";
		};
/* End PBXNativeTarget section */

/* Begin PBXProject section */
		881DF7FE2A7018BA00A537A5 /* Project object */ = {
			isa = PBXProject;
			attributes = {
				BuildIndependentTargetsInParallel = 1;
				LastSwiftUpdateCheck = 1430;
				LastUpgradeCheck = 1430;
				TargetAttributes = {
					881DF8052A7018BA00A537A5 = {
						CreatedOnToolsVersion = 14.3.1;
					};
				};
			};
			buildConfigurationList = 881DF8012A7018BA00A537A5 /* Build configuration list for PBXProject "RickAndMorty" */;
			compatibilityVersion = "Xcode 14.0";
			developmentRegion = en;
			hasScannedForEncodings = 0;
			knownRegions = (
				en,
				Base,
			);
			mainGroup = 881DF7FD2A7018BA00A537A5;
			productRefGroup = 881DF8072A7018BA00A537A5 /* Products */;
			projectDirPath = "";
			projectRoot = "";
			targets = (
				881DF8052A7018BA00A537A5 /* RickAndMorty */,
			);
		};
/* End PBXProject section */

/* Begin PBXResourcesBuildPhase section */
		881DF8042A7018BA00A537A5 /* Resources */ = {
			isa = PBXResourcesBuildPhase;
			buildActionMask = 2147483647;
			files = (
				889645F62A719E3700771130 /* Mulish-Regular.ttf in Resources */,
				889645FA2A719E3700771130 /* Mulish-Bold.ttf in Resources */,
				881DF8112A7018BA00A537A5 /* Preview Assets.xcassets in Resources */,
				881DF80E2A7018BA00A537A5 /* Assets.xcassets in Resources */,
				889645F72A719E3700771130 /* Mulish-Light.ttf in Resources */,
				889645F92A719E3700771130 /* Mulish-Black.ttf in Resources */,
				889645F82A719E3700771130 /* Mulish-SemiBold.ttf in Resources */,
			);
			runOnlyForDeploymentPostprocessing = 0;
		};
/* End PBXResourcesBuildPhase section */

/* Begin PBXShellScriptBuildPhase section */
		881DF8172A701F6A00A537A5 /* ShellScript */ = {
			isa = PBXShellScriptBuildPhase;
			buildActionMask = 2147483647;
			files = (
			);
			inputFileListPaths = (
			);
			inputPaths = (
			);
			outputFileListPaths = (
			);
			outputPaths = (
			);
			runOnlyForDeploymentPostprocessing = 0;
			shellPath = /bin/sh;
			shellScript = "# Type a script or drag a script file from your workspace to insert its path.\nif [[ \"$(uname -m)\" == arm64 ]]; then\n    export PATH=\"/opt/homebrew/bin:$PATH\"\nfi\n\nif which swiftlint > /dev/null; then\n  swiftlint\nelse\n  echo \"warning: SwiftLint not installed, download from https://github.com/realm/SwiftLint\"\nfi\n";
		};
/* End PBXShellScriptBuildPhase section */

/* Begin PBXSourcesBuildPhase section */
		881DF8022A7018BA00A537A5 /* Sources */ = {
			isa = PBXSourcesBuildPhase;
			buildActionMask = 2147483647;
			files = (
				889645FD2A719EE200771130 /* Font+Mulish.swift in Sources */,
				88B87DC12A70359700EF9A6E /* CharactersViewModel.swift in Sources */,
				88B87DA32A70261B00EF9A6E /* APIAllCharactersResponse.swift in Sources */,
				88B87DAE2A7029FA00EF9A6E /* APIEndpoint.swift in Sources */,
				88B87D9B2A70239E00EF9A6E /* FavoritesListView.swift in Sources */,
				88C9995D2A72A61C00D5A161 /* Router.swift in Sources */,
				881F2E4A2A71A69C009901E0 /* CharactersListRowView.swift in Sources */,
				881F2E502A71B356009901E0 /* AsyncImageStyling.swift in Sources */,
				881DF81B2A7022A800A537A5 /* TabBarView.swift in Sources */,
				88B87DBE2A70346400EF9A6E /* WebService.swift in Sources */,
				88C9995A2A72A57A00D5A161 /* CharactersDetailView.swift in Sources */,
				886E0C102A718FEB000847F9 /* Characater.swift in Sources */,
				88C999582A72952300D5A161 /* CacheAsyncImage.swift in Sources */,
				88B87DBC2A702F1000EF9A6E /* CharactersWebService.swift in Sources */,
				88B87DAA2A7028B600EF9A6E /* APIError.swift in Sources */,
				881DF80A2A7018BA00A537A5 /* AppEntry.swift in Sources */,
				88B87DB82A702D5E00EF9A6E /* APIRequestMapper.swift in Sources */,
				889646002A71A09A00771130 /* SFSymbols.swift in Sources */,
				88B87DA52A70268900EF9A6E /* APIAllCharactersInfo.swift in Sources */,
				889645EC2A7194F500771130 /* AllCharactersInfo.swift in Sources */,
				886E0C142A71915F000847F9 /* CharacterGender.swift in Sources */,
				88B87DA82A70278300EF9A6E /* HTTPClient.swift in Sources */,
				88B87DB22A702A5B00EF9A6E /* HTTPScheme.swift in Sources */,
				886E0C162A719203000847F9 /* CharacterStatus.swift in Sources */,
				88B87DB02A702A3600EF9A6E /* HTTPMethod.swift in Sources */,
				88B87DB52A702A8A00EF9A6E /* CharactersEndpoint.swift in Sources */,
				886E0C122A719037000847F9 /* CharacterLocation.swift in Sources */,
				88B87DA12A7025DB00EF9A6E /* APILocation.swift in Sources */,
				889646022A71A2AF00771130 /* Colors+Ext.swift in Sources */,
				88B87D972A70232D00EF9A6E /* CharactersListView.swift in Sources */,
				88B87D9F2A7024B300EF9A6E /* APICharacter.swift in Sources */,
			);
			runOnlyForDeploymentPostprocessing = 0;
		};
/* End PBXSourcesBuildPhase section */

/* Begin XCBuildConfiguration section */
		881DF8122A7018BA00A537A5 /* Debug */ = {
			isa = XCBuildConfiguration;
			buildSettings = {
				ALWAYS_SEARCH_USER_PATHS = NO;
				CLANG_ANALYZER_NONNULL = YES;
				CLANG_ANALYZER_NUMBER_OBJECT_CONVERSION = YES_AGGRESSIVE;
				CLANG_CXX_LANGUAGE_STANDARD = "gnu++20";
				CLANG_ENABLE_MODULES = YES;
				CLANG_ENABLE_OBJC_ARC = YES;
				CLANG_ENABLE_OBJC_WEAK = YES;
				CLANG_WARN_BLOCK_CAPTURE_AUTORELEASING = YES;
				CLANG_WARN_BOOL_CONVERSION = YES;
				CLANG_WARN_COMMA = YES;
				CLANG_WARN_CONSTANT_CONVERSION = YES;
				CLANG_WARN_DEPRECATED_OBJC_IMPLEMENTATIONS = YES;
				CLANG_WARN_DIRECT_OBJC_ISA_USAGE = YES_ERROR;
				CLANG_WARN_DOCUMENTATION_COMMENTS = YES;
				CLANG_WARN_EMPTY_BODY = YES;
				CLANG_WARN_ENUM_CONVERSION = YES;
				CLANG_WARN_INFINITE_RECURSION = YES;
				CLANG_WARN_INT_CONVERSION = YES;
				CLANG_WARN_NON_LITERAL_NULL_CONVERSION = YES;
				CLANG_WARN_OBJC_IMPLICIT_RETAIN_SELF = YES;
				CLANG_WARN_OBJC_LITERAL_CONVERSION = YES;
				CLANG_WARN_OBJC_ROOT_CLASS = YES_ERROR;
				CLANG_WARN_QUOTED_INCLUDE_IN_FRAMEWORK_HEADER = YES;
				CLANG_WARN_RANGE_LOOP_ANALYSIS = YES;
				CLANG_WARN_STRICT_PROTOTYPES = YES;
				CLANG_WARN_SUSPICIOUS_MOVE = YES;
				CLANG_WARN_UNGUARDED_AVAILABILITY = YES_AGGRESSIVE;
				CLANG_WARN_UNREACHABLE_CODE = YES;
				CLANG_WARN__DUPLICATE_METHOD_MATCH = YES;
				COPY_PHASE_STRIP = NO;
				DEBUG_INFORMATION_FORMAT = dwarf;
				ENABLE_STRICT_OBJC_MSGSEND = YES;
				ENABLE_TESTABILITY = YES;
				GCC_C_LANGUAGE_STANDARD = gnu11;
				GCC_DYNAMIC_NO_PIC = NO;
				GCC_NO_COMMON_BLOCKS = YES;
				GCC_OPTIMIZATION_LEVEL = 0;
				GCC_PREPROCESSOR_DEFINITIONS = (
					"DEBUG=1",
					"$(inherited)",
				);
				GCC_WARN_64_TO_32_BIT_CONVERSION = YES;
				GCC_WARN_ABOUT_RETURN_TYPE = YES_ERROR;
				GCC_WARN_UNDECLARED_SELECTOR = YES;
				GCC_WARN_UNINITIALIZED_AUTOS = YES_AGGRESSIVE;
				GCC_WARN_UNUSED_FUNCTION = YES;
				GCC_WARN_UNUSED_VARIABLE = YES;
				IPHONEOS_DEPLOYMENT_TARGET = 16.0;
				MTL_ENABLE_DEBUG_INFO = INCLUDE_SOURCE;
				MTL_FAST_MATH = YES;
				ONLY_ACTIVE_ARCH = YES;
				SDKROOT = iphoneos;
				SWIFT_ACTIVE_COMPILATION_CONDITIONS = DEBUG;
				SWIFT_OPTIMIZATION_LEVEL = "-Onone";
			};
			name = Debug;
		};
		881DF8132A7018BA00A537A5 /* Release */ = {
			isa = XCBuildConfiguration;
			buildSettings = {
				ALWAYS_SEARCH_USER_PATHS = NO;
				CLANG_ANALYZER_NONNULL = YES;
				CLANG_ANALYZER_NUMBER_OBJECT_CONVERSION = YES_AGGRESSIVE;
				CLANG_CXX_LANGUAGE_STANDARD = "gnu++20";
				CLANG_ENABLE_MODULES = YES;
				CLANG_ENABLE_OBJC_ARC = YES;
				CLANG_ENABLE_OBJC_WEAK = YES;
				CLANG_WARN_BLOCK_CAPTURE_AUTORELEASING = YES;
				CLANG_WARN_BOOL_CONVERSION = YES;
				CLANG_WARN_COMMA = YES;
				CLANG_WARN_CONSTANT_CONVERSION = YES;
				CLANG_WARN_DEPRECATED_OBJC_IMPLEMENTATIONS = YES;
				CLANG_WARN_DIRECT_OBJC_ISA_USAGE = YES_ERROR;
				CLANG_WARN_DOCUMENTATION_COMMENTS = YES;
				CLANG_WARN_EMPTY_BODY = YES;
				CLANG_WARN_ENUM_CONVERSION = YES;
				CLANG_WARN_INFINITE_RECURSION = YES;
				CLANG_WARN_INT_CONVERSION = YES;
				CLANG_WARN_NON_LITERAL_NULL_CONVERSION = YES;
				CLANG_WARN_OBJC_IMPLICIT_RETAIN_SELF = YES;
				CLANG_WARN_OBJC_LITERAL_CONVERSION = YES;
				CLANG_WARN_OBJC_ROOT_CLASS = YES_ERROR;
				CLANG_WARN_QUOTED_INCLUDE_IN_FRAMEWORK_HEADER = YES;
				CLANG_WARN_RANGE_LOOP_ANALYSIS = YES;
				CLANG_WARN_STRICT_PROTOTYPES = YES;
				CLANG_WARN_SUSPICIOUS_MOVE = YES;
				CLANG_WARN_UNGUARDED_AVAILABILITY = YES_AGGRESSIVE;
				CLANG_WARN_UNREACHABLE_CODE = YES;
				CLANG_WARN__DUPLICATE_METHOD_MATCH = YES;
				COPY_PHASE_STRIP = NO;
				DEBUG_INFORMATION_FORMAT = "dwarf-with-dsym";
				ENABLE_NS_ASSERTIONS = NO;
				ENABLE_STRICT_OBJC_MSGSEND = YES;
				GCC_C_LANGUAGE_STANDARD = gnu11;
				GCC_NO_COMMON_BLOCKS = YES;
				GCC_WARN_64_TO_32_BIT_CONVERSION = YES;
				GCC_WARN_ABOUT_RETURN_TYPE = YES_ERROR;
				GCC_WARN_UNDECLARED_SELECTOR = YES;
				GCC_WARN_UNINITIALIZED_AUTOS = YES_AGGRESSIVE;
				GCC_WARN_UNUSED_FUNCTION = YES;
				GCC_WARN_UNUSED_VARIABLE = YES;
				IPHONEOS_DEPLOYMENT_TARGET = 16.0;
				MTL_ENABLE_DEBUG_INFO = NO;
				MTL_FAST_MATH = YES;
				SDKROOT = iphoneos;
				SWIFT_COMPILATION_MODE = wholemodule;
				SWIFT_OPTIMIZATION_LEVEL = "-O";
				VALIDATE_PRODUCT = YES;
			};
			name = Release;
		};
		881DF8152A7018BA00A537A5 /* Debug */ = {
			isa = XCBuildConfiguration;
			buildSettings = {
				ASSETCATALOG_COMPILER_APPICON_NAME = AppIcon;
				ASSETCATALOG_COMPILER_GLOBAL_ACCENT_COLOR_NAME = AccentColor;
				CODE_SIGN_STYLE = Automatic;
				CURRENT_PROJECT_VERSION = 1;
				DEVELOPMENT_ASSET_PATHS = "\"RickAndMorty/Preview Content\"";
				DEVELOPMENT_TEAM = 8Y8FFN6N8G;
				ENABLE_PREVIEWS = YES;
				GENERATE_INFOPLIST_FILE = YES;
				INFOPLIST_FILE = RickAndMorty/Info.plist;
				INFOPLIST_KEY_CFBundleDisplayName = "Rick & Morty";
				INFOPLIST_KEY_LSApplicationCategoryType = "public.app-category.entertainment";
				INFOPLIST_KEY_UIApplicationSceneManifest_Generation = YES;
				INFOPLIST_KEY_UIApplicationSupportsIndirectInputEvents = YES;
				INFOPLIST_KEY_UILaunchScreen_Generation = YES;
				INFOPLIST_KEY_UISupportedInterfaceOrientations = UIInterfaceOrientationPortrait;
				INFOPLIST_KEY_UISupportedInterfaceOrientations_iPad = "UIInterfaceOrientationLandscapeLeft UIInterfaceOrientationLandscapeRight UIInterfaceOrientationPortrait UIInterfaceOrientationPortraitUpsideDown";
				IPHONEOS_DEPLOYMENT_TARGET = 16.0;
				LD_RUNPATH_SEARCH_PATHS = (
					"$(inherited)",
					"@executable_path/Frameworks",
				);
				MARKETING_VERSION = 1.0;
				PRODUCT_BUNDLE_IDENTIFIER = dev.jakubkociucki.RickAndMorty;
				PRODUCT_NAME = "$(TARGET_NAME)";
				SUPPORTED_PLATFORMS = "iphoneos iphonesimulator";
				SUPPORTS_MACCATALYST = NO;
				SUPPORTS_MAC_DESIGNED_FOR_IPHONE_IPAD = NO;
				SWIFT_EMIT_LOC_STRINGS = YES;
				SWIFT_VERSION = 5.0;
				TARGETED_DEVICE_FAMILY = 1;
			};
			name = Debug;
		};
		881DF8162A7018BA00A537A5 /* Release */ = {
			isa = XCBuildConfiguration;
			buildSettings = {
				ASSETCATALOG_COMPILER_APPICON_NAME = AppIcon;
				ASSETCATALOG_COMPILER_GLOBAL_ACCENT_COLOR_NAME = AccentColor;
				CODE_SIGN_STYLE = Automatic;
				CURRENT_PROJECT_VERSION = 1;
				DEVELOPMENT_ASSET_PATHS = "\"RickAndMorty/Preview Content\"";
				DEVELOPMENT_TEAM = 8Y8FFN6N8G;
				ENABLE_PREVIEWS = YES;
				GENERATE_INFOPLIST_FILE = YES;
				INFOPLIST_FILE = RickAndMorty/Info.plist;
				INFOPLIST_KEY_CFBundleDisplayName = "Rick & Morty";
				INFOPLIST_KEY_LSApplicationCategoryType = "public.app-category.entertainment";
				INFOPLIST_KEY_UIApplicationSceneManifest_Generation = YES;
				INFOPLIST_KEY_UIApplicationSupportsIndirectInputEvents = YES;
				INFOPLIST_KEY_UILaunchScreen_Generation = YES;
				INFOPLIST_KEY_UISupportedInterfaceOrientations = UIInterfaceOrientationPortrait;
				INFOPLIST_KEY_UISupportedInterfaceOrientations_iPad = "UIInterfaceOrientationLandscapeLeft UIInterfaceOrientationLandscapeRight UIInterfaceOrientationPortrait UIInterfaceOrientationPortraitUpsideDown";
				IPHONEOS_DEPLOYMENT_TARGET = 16.0;
				LD_RUNPATH_SEARCH_PATHS = (
					"$(inherited)",
					"@executable_path/Frameworks",
				);
				MARKETING_VERSION = 1.0;
				PRODUCT_BUNDLE_IDENTIFIER = dev.jakubkociucki.RickAndMorty;
				PRODUCT_NAME = "$(TARGET_NAME)";
				SUPPORTED_PLATFORMS = "iphoneos iphonesimulator";
				SUPPORTS_MACCATALYST = NO;
				SUPPORTS_MAC_DESIGNED_FOR_IPHONE_IPAD = NO;
				SWIFT_EMIT_LOC_STRINGS = YES;
				SWIFT_VERSION = 5.0;
				TARGETED_DEVICE_FAMILY = 1;
			};
			name = Release;
		};
/* End XCBuildConfiguration section */

/* Begin XCConfigurationList section */
		881DF8012A7018BA00A537A5 /* Build configuration list for PBXProject "RickAndMorty" */ = {
			isa = XCConfigurationList;
			buildConfigurations = (
				881DF8122A7018BA00A537A5 /* Debug */,
				881DF8132A7018BA00A537A5 /* Release */,
			);
			defaultConfigurationIsVisible = 0;
			defaultConfigurationName = Release;
		};
		881DF8142A7018BA00A537A5 /* Build configuration list for PBXNativeTarget "RickAndMorty" */ = {
			isa = XCConfigurationList;
			buildConfigurations = (
				881DF8152A7018BA00A537A5 /* Debug */,
				881DF8162A7018BA00A537A5 /* Release */,
			);
			defaultConfigurationIsVisible = 0;
			defaultConfigurationName = Release;
		};
/* End XCConfigurationList section */
	};
	rootObject = 881DF7FE2A7018BA00A537A5 /* Project object */;
}
